
Microsoft Visual Studio Solution File, Format Version 12.00
# Visual Studio Version 17
VisualStudioVersion = 17.11.35312.102
MinimumVisualStudioVersion = 10.0.40219.1
Project("{9A19103F-16F7-4668-BE54-9A1E7A4F7556}") = "BankAPI", "BankAPI\BankAPI.csproj", "{14EBD203-4B8E-4A3F-9B54-EE7BD43CDB74}"
EndProject
Project("{E24C65DC-7377-472B-9ABA-BC803B73C61A}") = "frontend", "frontend\", "{B24FD7F2-9064-4AC5-8085-49E5066F0208}"
	ProjectSection(WebsiteProperties) = preProject
		TargetFrameworkMoniker = ".NETFramework,Version%3Dv4.0"
		Debug.AspNetCompiler.VirtualPath = "/localhost_51768"
		Debug.AspNetCompiler.PhysicalPath = "frontend\"
		Debug.AspNetCompiler.TargetPath = "PrecompiledWeb\localhost_51768\"
		Debug.AspNetCompiler.Updateable = "true"
		Debug.AspNetCompiler.ForceOverwrite = "true"
		Debug.AspNetCompiler.FixedNames = "false"
		Debug.AspNetCompiler.Debug = "True"
		Release.AspNetCompiler.VirtualPath = "/localhost_51768"
		Release.AspNetCompiler.PhysicalPath = "frontend\"
		Release.AspNetCompiler.TargetPath = "PrecompiledWeb\localhost_51768\"
		Release.AspNetCompiler.Updateable = "true"
		Release.AspNetCompiler.ForceOverwrite = "true"
		Release.AspNetCompiler.FixedNames = "false"
		Release.AspNetCompiler.Debug = "False"
		VWDPort = "51768"
		SlnRelativePath = "frontend\"
	EndProjectSection
EndProject
Global
	GlobalSection(SolutionConfigurationPlatforms) = preSolution
		Debug|Any CPU = Debug|Any CPU
		Release|Any CPU = Release|Any CPU
	EndGlobalSection
	GlobalSection(ProjectConfigurationPlatforms) = postSolution
		{14EBD203-4B8E-4A3F-9B54-EE7BD43CDB74}.Debug|Any CPU.ActiveCfg = Debug|Any CPU
		{14EBD203-4B8E-4A3F-9B54-EE7BD43CDB74}.Debug|Any CPU.Build.0 = Debug|Any CPU
		{14EBD203-4B8E-4A3F-9B54-EE7BD43CDB74}.Release|Any CPU.ActiveCfg = Release|Any CPU
		{14EBD203-4B8E-4A3F-9B54-EE7BD43CDB74}.Release|Any CPU.Build.0 = Release|Any CPU
		{B24FD7F2-9064-4AC5-8085-49E5066F0208}.Debug|Any CPU.ActiveCfg = Debug|Any CPU
		{B24FD7F2-9064-4AC5-8085-49E5066F0208}.Debug|Any CPU.Build.0 = Debug|Any CPU
		{B24FD7F2-9064-4AC5-8085-49E5066F0208}.Release|Any CPU.ActiveCfg = Debug|Any CPU
		{B24FD7F2-9064-4AC5-8085-49E5066F0208}.Release|Any CPU.Build.0 = Debug|Any CPU
	EndGlobalSection
	GlobalSection(SolutionProperties) = preSolution
		HideSolutionNode = FALSE
	EndGlobalSection
	GlobalSection(ExtensibilityGlobals) = postSolution
		SolutionGuid = {C52C3E4C-F83C-42D0-8072-E938E11D10B1}
	EndGlobalSection
EndGlobal
